# THIS IS AN AUTOGENERATED FILE. DO NOT EDIT THIS FILE DIRECTLY.
# yarn lockfile v1


"@stimulus-components/notification@^3.0.0":
  version "3.0.0"
  resolved "https://registry.yarnpkg.com/@stimulus-components/notification/-/notification-3.0.0.tgz#f67ec72bb0601ec33f597494def72e6ca93dd4a5"
  integrity sha512-oZrIAcEayLNIhcetMJSLP6S9ryWjiFWBI5JKm639UuRsfSRyxiaHMddb3Xch/Umq6K24h/t2l1zVxxOm/UnMOA==
  dependencies:
    stimulus-use "^0.52.2"

hotkeys-js@>=3:
  version "3.13.7"
  resolved "https://registry.yarnpkg.com/hotkeys-js/-/hotkeys-js-3.13.7.tgz#0188d8e2fca16a3f1d66541b48de0bb9df613726"
  integrity sha512-ygFIdTqqwG4fFP7kkiYlvayZppeIQX2aPpirsngkv1xM1lP0piDY5QEh68nQnIKvz64hfocxhBaD/uK3sSK1yQ==

stimulus-notification@^2.2.0:
  version "2.2.0"
  resolved "https://registry.yarnpkg.com/stimulus-notification/-/stimulus-notification-2.2.0.tgz#4e950ad90558617e4598d152b6fcd2635287a5bb"
  integrity sha512-i1Z5IHDuMzwrRxnjqaftQcIseybouMiKfiC0aeFvoznXOo14gx7LWE5a8lssbQJQhbTcxq1RSVOKztkcmrKxng==
  dependencies:
    stimulus-use "^0.51.1"

stimulus-use@^0.51.1:
  version "0.51.3"
  resolved "https://registry.yarnpkg.com/stimulus-use/-/stimulus-use-0.51.3.tgz#d7ac671aff8d0db253296dec89d38aa6f4b27e2a"
  integrity sha512-V4YETxMFL4/bpmcqlwFtaOaJg9sLF+XlWsvXrsoWVA5jffsqe7uAvV6gGPPQta7Hgx01vovA0yNsWUe2eU9Jmw==
  dependencies:
    hotkeys-js ">=3"

stimulus-use@^0.52.2:
  version "0.52.2"
  resolved "https://registry.yarnpkg.com/stimulus-use/-/stimulus-use-0.52.2.tgz#fc992fababe03f8d8bc2d9470c8cdb40bd075917"
  integrity sha512-413+tIw9n6Jnb0OFiQE1i3aP01i0hhGgAnPp1P6cNuBbhhqG2IOp8t1O/4s5Tw2lTvSYrFeLNdaY8sYlDaULeg==
